
Microsoft Visual Studio Solution File, Format Version 12.00
# Visual Studio Version 16
VisualStudioVersion = 16.0.28407.52
MinimumVisualStudioVersion = 10.0.40219.1
Project("{FAE04EC0-301F-11D3-BF4B-00C04F79EFBC}") = "HelloWorlds.Web", "HelloWorlds.Web\HelloWorlds.Web.csproj", "{8E93D00D-C876-4C69-9694-28BCA1680870}"
EndProject
Global
	GlobalSection(SolutionConfigurationPlatforms) = preSolution
		Debug|Any CPU = Debug|Any CPU
		Release|Any CPU = Release|Any CPU
	EndGlobalSection
	GlobalSection(ProjectConfigurationPlatforms) = postSolution
		{8E93D00D-C876-4C69-9694-28BCA1680870}.Debug|Any CPU.ActiveCfg = Debug|Any CPU
		{8E93D00D-C876-4C69-9694-28BCA1680870}.Debug|Any CPU.Build.0 = Debug|Any CPU
		{8E93D00D-C876-4C69-9694-28BCA1680870}.Release|Any CPU.ActiveCfg = Release|Any CPU
		{8E93D00D-C876-4C69-9694-28BCA1680870}.Release|Any CPU.Build.0 = Release|Any CPU
	EndGlobalSection
	GlobalSection(SolutionProperties) = preSolution
		HideSolutionNode = FALSE
	EndGlobalSection
	GlobalSection(ExtensibilityGlobals) = postSolution
		SolutionGuid = {DFA2BF31-D5BF-4981-AE16-8A79C40B6936}
	EndGlobalSection
EndGlobal
